
Microsoft Visual Studio Solution File, Format Version 12.00
# Visual Studio Version 17
VisualStudioVersion = 17.7.34009.444
MinimumVisualStudioVersion = 10.0.40219.1
Project("{FAE04EC0-301F-11D3-BF4B-00C04F79EFBC}") = "DTO_Model", "DTO_Model.csproj", "{7AA120EB-BDB2-40A9-B981-6EB0B380A4D9}"
EndProject
Global
	GlobalSection(SolutionConfigurationPlatforms) = preSolution
		Debug|Any CPU = Debug|Any CPU
		Release|Any CPU = Release|Any CPU
	EndGlobalSection
	GlobalSection(ProjectConfigurationPlatforms) = postSolution
		{7AA120EB-BDB2-40A9-B981-6EB0B380A4D9}.Debug|Any CPU.ActiveCfg = Debug|Any CPU
		{7AA120EB-BDB2-40A9-B981-6EB0B380A4D9}.Debug|Any CPU.Build.0 = Debug|Any CPU
		{7AA120EB-BDB2-40A9-B981-6EB0B380A4D9}.Release|Any CPU.ActiveCfg = Release|Any CPU
		{7AA120EB-BDB2-40A9-B981-6EB0B380A4D9}.Release|Any CPU.Build.0 = Release|Any CPU
	EndGlobalSection
	GlobalSection(SolutionProperties) = preSolution
		HideSolutionNode = FALSE
	EndGlobalSection
	GlobalSection(ExtensibilityGlobals) = postSolution
		SolutionGuid = {D1E0D77B-D8BA-4D5C-90E5-7B1B1E1EF9D2}
	EndGlobalSection
EndGlobal
